{
    "_meta": {
        "hash": {
            "sha256": "08e6a79fb818d69b85c3dd233a5ccc67f0538ff68eef9f4897f4f36ae8f718ee"
        },
        "pipfile-spec": 6,
        "requires": {
            "python_version": "3.13"
        },
        "sources": [
            {
                "name": "pypi",
                "url": "https://pypi.org/simple",
                "verify_ssl": true
            }
        ]
    },
    "default": {
        "asgiref": {
            "hashes": [
                "sha256:3e1e3ecc849832fe52ccf2cb6686b7a55f82bb1d6aee72a58826471390335e47",
                "sha256:c343bd80a0bec947a9860adb4c432ffa7db769836c64238fc34bdc3fec84d590"
            ],
            "markers": "python_version >= '3.8'",
            "version": "==3.8.1"
        },
        "django": {
            "hashes": [
                "sha256:57fe1f1b59462caed092c80b3dd324fd92161b620d59a9ba9181c34746c97284",
                "sha256:a9b680e84f9a0e71da83e399f1e922e1ab37b2173ced046b541c72e1589a5961"
            ],
            "index": "pypi",
            "markers": "python_version >= '3.10'",
            "version": "==5.2.1"
        },
        "django-cors-headers": {
            "hashes": [
                "sha256:6fdf31bf9c6d6448ba09ef57157db2268d515d94fc5c89a0a1028e1fc03ee52b",
                "sha256:f1c125dcd58479fe7a67fe2499c16ee38b81b397463cf025f0e2c42937421070"
            ],
            "index": "pypi",
            "markers": "python_version >= '3.9'",
            "version": "==4.7.0"
        },
        "django.apps": {
            "hashes": [
                "sha256:bc882206fbd0a9e92f92903de47ea54cb084ef39aa2368b849d67672e4bd499e"
            ],
            "version": "==0.1.0"
        },
        "django.db": {
            "hashes": [
                "sha256:8639b6f78f04f34294cb465b308992a84297df41033519efd85b3a6b186b5296"
            ],
            "version": "==0.0.7"
        },
        "djangorestframework": {
            "hashes": [
                "sha256:bea7e9f6b96a8584c5224bfb2e4348dfb3f8b5e34edbecb98da258e892089361",
                "sha256:f022ff46613584de994c0c6a4aebbace5fd700555fbe9d33b865ebf173eba6c9"
            ],
            "index": "pypi",
            "markers": "python_version >= '3.9'",
            "version": "==3.16.0"
        },
        "networkx": {
            "hashes": [
                "sha256:307c3669428c5362aab27c8a1260aa8f47c4e91d3891f48be0141738d8d053e1",
                "sha256:df5d4365b724cf81b8c6a7312509d0c22386097011ad1abe274afd5e9d3bbc5f"
            ],
            "index": "pypi",
            "markers": "python_version >= '3.10'",
            "version": "==3.4.2"
        },
        "numpy": {
            "hashes": [
                "sha256:0255732338c4fdd00996c0421884ea8a3651eea555c3a56b84892b66f696eb70",
                "sha256:02f226baeefa68f7d579e213d0f3493496397d8f1cff5e2b222af274c86a552a",
                "sha256:059b51b658f4414fff78c6d7b1b4e18283ab5fa56d270ff212d5ba0c561846f4",
                "sha256:0bcb1d057b7571334139129b7f941588f69ce7c4ed15a9d6162b2ea54ded700c",
                "sha256:0cd48122a6b7eab8f06404805b1bd5856200e3ed6f8a1b9a194f9d9054631beb",
                "sha256:19f4718c9012e3baea91a7dba661dcab2451cda2550678dc30d53acb91a7290f",
                "sha256:1a161c2c79ab30fe4501d5a2bbfe8b162490757cf90b7f05be8b80bc02f7bb8e",
                "sha256:1f4a922da1729f4c40932b2af4fe84909c7a6e167e6e99f71838ce3a29f3fe26",
                "sha256:261a1ef047751bb02f29dfe337230b5882b54521ca121fc7f62668133cb119c9",
                "sha256:262d23f383170f99cd9191a7c85b9a50970fe9069b2f8ab5d786eca8a675d60b",
                "sha256:2ba321813a00e508d5421104464510cc962a6f791aa2fca1c97b1e65027da80d",
                "sha256:2c1a1c6ccce4022383583a6ded7bbcda22fc635eb4eb1e0a053336425ed36dfa",
                "sha256:352d330048c055ea6db701130abc48a21bec690a8d38f8284e00fab256dc1376",
                "sha256:369e0d4647c17c9363244f3468f2227d557a74b6781cb62ce57cf3ef5cc7c610",
                "sha256:36ab5b23915887543441efd0417e6a3baa08634308894316f446027611b53bf1",
                "sha256:37e32e985f03c06206582a7323ef926b4e78bdaa6915095ef08070471865b906",
                "sha256:3a801fef99668f309b88640e28d261991bfad9617c27beda4a3aec4f217ea073",
                "sha256:3d14b17b9be5f9c9301f43d2e2a4886a33b53f4e6fdf9ca2f4cc60aeeee76372",
                "sha256:422cc684f17bc963da5f59a31530b3936f57c95a29743056ef7a7903a5dbdf88",
                "sha256:4520caa3807c1ceb005d125a75e715567806fed67e315cea619d5ec6e75a4191",
                "sha256:47834cde750d3c9f4e52c6ca28a7361859fcaf52695c7dc3cc1a720b8922683e",
                "sha256:47f9ed103af0bc63182609044b0490747e03bd20a67e391192dde119bf43d52f",
                "sha256:498815b96f67dc347e03b719ef49c772589fb74b8ee9ea2c37feae915ad6ebda",
                "sha256:54088a5a147ab71a8e7fdfd8c3601972751ded0739c6b696ad9cb0343e21ab73",
                "sha256:55f09e00d4dccd76b179c0f18a44f041e5332fd0e022886ba1c0bbf3ea4a18d0",
                "sha256:5a0ac90e46fdb5649ab6369d1ab6104bfe5854ab19b645bf5cda0127a13034ae",
                "sha256:6411f744f7f20081b1b4e7112e0f4c9c5b08f94b9f086e6f0adf3645f85d3a4d",
                "sha256:6413d48a9be53e183eb06495d8e3b006ef8f87c324af68241bbe7a39e8ff54c3",
                "sha256:7451f92eddf8503c9b8aa4fe6aa7e87fd51a29c2cfc5f7dbd72efde6c65acf57",
                "sha256:8b4c0773b6ada798f51f0f8e30c054d32304ccc6e9c5d93d46cb26f3d385ab19",
                "sha256:8dfa94b6a4374e7851bbb6f35e6ded2120b752b063e6acdd3157e4d2bb922eba",
                "sha256:97c8425d4e26437e65e1d189d22dff4a079b747ff9c2788057bfb8114ce1e133",
                "sha256:9d75f338f5f79ee23548b03d801d28a505198297534f62416391857ea0479571",
                "sha256:9de6832228f617c9ef45d948ec1cd8949c482238d68b2477e6f642c33a7b0a54",
                "sha256:a4cbdef3ddf777423060c6f81b5694bad2dc9675f110c4b2a60dc0181543fac7",
                "sha256:a9c0d994680cd991b1cb772e8b297340085466a6fe964bc9d4e80f5e2f43c291",
                "sha256:aa70fdbdc3b169d69e8c59e65c07a1c9351ceb438e627f0fdcd471015cd956be",
                "sha256:abe38cd8381245a7f49967a6010e77dbf3680bd3627c0fe4362dd693b404c7f8",
                "sha256:b13f04968b46ad705f7c8a80122a42ae8f620536ea38cf4bdd374302926424dd",
                "sha256:b4ea7e1cff6784e58fe281ce7e7f05036b3e1c89c6f922a6bfbc0a7e8768adbe",
                "sha256:b6f91524d31b34f4a5fee24f5bc16dcd1491b668798b6d85585d836c1e633a6a",
                "sha256:c26843fd58f65da9491165072da2cccc372530681de481ef670dcc8e27cfb066",
                "sha256:c42365005c7a6c42436a54d28c43fe0e01ca11eb2ac3cefe796c25a5f98e5e9b",
                "sha256:c8b82a55ef86a2d8e81b63da85e55f5537d2157165be1cb2ce7cfa57b6aef38b",
                "sha256:ced69262a8278547e63409b2653b372bf4baff0870c57efa76c5703fd6543282",
                "sha256:d2e3bdadaba0e040d1e7ab39db73e0afe2c74ae277f5614dad53eadbecbbb169",
                "sha256:d403c84991b5ad291d3809bace5e85f4bbf44a04bdc9a88ed2bb1807b3360bb8",
                "sha256:d7543263084a85fbc09c704b515395398d31d6395518446237eac219eab9e55e",
                "sha256:d8882a829fd779f0f43998e931c466802a77ca1ee0fe25a3abe50278616b1471",
                "sha256:e4f0b035d9d0ed519c813ee23e0a733db81ec37d2e9503afbb6e54ccfdee0fa7",
                "sha256:e8b025c351b9f0e8b5436cf28a07fa4ac0204d67b38f01433ac7f9b870fa38c6",
                "sha256:eb7fd5b184e5d277afa9ec0ad5e4eb562ecff541e7f60e69ee69c8d59e9aeaba",
                "sha256:ec31367fd6a255dc8de4772bd1658c3e926d8e860a0b6e922b615e532d320ddc",
                "sha256:ee461a4eaab4f165b68780a6a1af95fb23a29932be7569b9fab666c407969051",
                "sha256:f5045039100ed58fa817a6227a356240ea1b9a1bc141018864c306c1a16d4175"
            ],
            "index": "pypi",
            "markers": "python_version >= '3.10'",
            "version": "==2.2.5"
        },
        "pymysql": {
            "hashes": [
                "sha256:4de15da4c61dc132f4fb9ab763063e693d521a80fd0e87943b9a453dd4c19d6c",
                "sha256:e127611aaf2b417403c60bf4dc570124aeb4a57f5f37b8e95ae399a42f904cd0"
            ],
            "markers": "python_version >= '3.7'",
            "version": "==1.1.1"
        },
        "scipy": {
            "hashes": [
                "sha256:05dc6abcd105e1a29f95eada46d4a3f251743cfd7d3ae8ddb4088047f24ea477",
                "sha256:06efcba926324df1696931a57a176c80848ccd67ce6ad020c810736bfd58eb1c",
                "sha256:0a769105537aa07a69468a0eefcd121be52006db61cdd8cac8a0e68980bbb723",
                "sha256:0bdd905264c0c9cfa74a4772cdb2070171790381a5c4d312c973382fc6eaf730",
                "sha256:0ff17c0bb1cb32952c09217d8d1eed9b53d1463e5f1dd6052c7857f83127d539",
                "sha256:14ed70039d182f411ffc74789a16df3835e05dc469b898233a245cdfd7f162cb",
                "sha256:185cd3d6d05ca4b44a8f1595af87f9c372bb6acf9c808e99aa3e9aa03bd98cf6",
                "sha256:18aaacb735ab38b38db42cb01f6b92a2d0d4b6aabefeb07f02849e47f8fb3594",
                "sha256:1c832e1bd78dea67d5c16f786681b28dd695a8cb1fb90af2e27580d3d0967e92",
                "sha256:263961f658ce2165bbd7b99fa5135195c3a12d9bef045345016b8b50c315cb82",
                "sha256:271e3713e645149ea5ea3e97b57fdab61ce61333f97cfae392c28ba786f9bb49",
                "sha256:2c620736bcc334782e24d173c0fdbb7590a0a436d2fdf39310a8902505008759",
                "sha256:34716e281f181a02341ddeaad584205bd2fd3c242063bd3423d61ac259ca7eba",
                "sha256:39cb9c62e471b1bb3750066ecc3a3f3052b37751c7c3dfd0fd7e48900ed52982",
                "sha256:3ac07623267feb3ae308487c260ac684b32ea35fd81e12845039952f558047b8",
                "sha256:3b0334816afb8b91dab859281b1b9786934392aa3d527cd847e41bb6f45bee65",
                "sha256:40e54d5c7e7ebf1aa596c374c49fa3135f04648a0caabcb66c52884b943f02b4",
                "sha256:50f9e62461c95d933d5c5ef4a1f2ebf9a2b4e83b0db374cb3f1de104d935922e",
                "sha256:52092bc0472cfd17df49ff17e70624345efece4e1a12b23783a1ac59a1b728ed",
                "sha256:5380741e53df2c566f4d234b100a484b420af85deb39ea35a1cc1be84ff53a5c",
                "sha256:5e721fed53187e71d0ccf382b6bf977644c533e506c4d33c3fb24de89f5c3ed5",
                "sha256:6487aa99c2a3d509a5227d9a5e889ff05830a06b2ce08ec30df6d79db5fcd5c5",
                "sha256:6ac6310fdbfb7aa6612408bd2f07295bcbd3fda00d2d702178434751fe48e019",
                "sha256:6cfd56fc1a8e53f6e89ba3a7a7251f7396412d655bca2aa5611c8ec9a6784a1e",
                "sha256:6db907c7368e3092e24919b5e31c76998b0ce1684d51a90943cb0ed1b4ffd6c1",
                "sha256:721d6b4ef5dc82ca8968c25b111e307083d7ca9091bc38163fb89243e85e3889",
                "sha256:76ad1fb5f8752eabf0fa02e4cc0336b4e8f021e2d5f061ed37d6d264db35e3ca",
                "sha256:79167bba085c31f38603e11a267d862957cbb3ce018d8b38f79ac043bc92d825",
                "sha256:795c46999bae845966368a3c013e0e00947932d68e235702b5c3f6ea799aa8c9",
                "sha256:7e11270a000969409d37ed399585ee530b9ef6aa99d50c019de4cb01e8e54e62",
                "sha256:8c9ed3ba2c8a2ce098163a9bdb26f891746d02136995df25227a20e71c396ebb",
                "sha256:993439ce220d25e3696d1b23b233dd010169b62f6456488567e830654ee37a6b",
                "sha256:9d61e97b186a57350f6d6fd72640f9e99d5a4a2b8fbf4b9ee9a841eab327dc13",
                "sha256:9db984639887e3dffb3928d118145ffe40eff2fa40cb241a306ec57c219ebbbb",
                "sha256:9e2abc762b0811e09a0d3258abee2d98e0c703eee49464ce0069590846f31d40",
                "sha256:a345928c86d535060c9c2b25e71e87c39ab2f22fc96e9636bd74d1dbf9de448c",
                "sha256:ad3432cb0f9ed87477a8d97f03b763fd1d57709f1bbde3c9369b1dff5503b253",
                "sha256:ae48a786a28412d744c62fd7816a4118ef97e5be0bee968ce8f0a2fba7acf3bb",
                "sha256:aef683a9ae6eb00728a542b796f52a5477b78252edede72b8327a886ab63293f",
                "sha256:b90ab29d0c37ec9bf55424c064312930ca5f4bde15ee8619ee44e69319aab163",
                "sha256:c05045d8b9bfd807ee1b9f38761993297b10b245f012b11b13b91ba8945f7e45",
                "sha256:c9deabd6d547aee2c9a81dee6cc96c6d7e9a9b1953f74850c179f91fdc729cb7",
                "sha256:dde4fc32993071ac0c7dd2d82569e544f0bdaff66269cb475e0f369adad13f11",
                "sha256:eae3cf522bc7df64b42cad3925c876e1b0b6c35c1337c93e12c0f366f55b0eaf",
                "sha256:ed7284b21a7a0c8f1b6e5977ac05396c0d008b89e05498c8b7e8f4a1423bba0e",
                "sha256:f77f853d584e72e874d87357ad70f44b437331507d1c311457bed8ed2b956126"
            ],
            "index": "pypi",
            "markers": "python_version >= '3.10'",
            "version": "==1.15.3"
        },
        "sqlparse": {
            "hashes": [
                "sha256:09f67787f56a0b16ecdbde1bfc7f5d9c3371ca683cfeaa8e6ff60b4807ec9272",
                "sha256:cf2196ed3418f3ba5de6af7e82c694a9fbdbfecccdfc72e281548517081f16ca"
            ],
            "markers": "python_version >= '3.8'",
            "version": "==0.5.3"
        }
    },
    "develop": {}
}
